Microsoft Visual Studio Solution File, Format Version 12.00
# Visual Studio Version 17
Project("{FAE04EC0-301F-11D3-BF4B-00C04F79EFBC}") = "SyncBar.Domain", "SyncBar.Domain\SyncBar.Domain.csproj", "{F2C46EC0-EE38-4BBB-B4CC-55AB1C2C73A8}"
EndProject
Project("{FAE04EC0-301F-11D3-BF4B-00C04F79EFBC}") = "SyncBar.Application", "SyncBar.Application\SyncBar.Application.csproj", "{AC33DB1E-780B-4961-8469-FFC88101184D}"
EndProject
Project("{FAE04EC0-301F-11D3-BF4B-00C04F79EFBC}") = "SyncBar.Infrastructure", "SyncBar.Infrastructure\SyncBar.Infrastructure.csproj", "{440A65CE-B75E-44BE-92D6-DE3DC6CDB91B}"
EndProject
Project("{FAE04EC0-301F-11D3-BF4B-00C04F79EFBC}") = "SyncBar.API", "SyncBar.API\SyncBar.API.csproj", "{49E247BF-91F9-46D8-9AF7-1E100561BC1B}"
EndProject
Project("{FAE04EC0-301F-11D3-BF4B-00C04F79EFBC}") = "SyncBar.Tests", "SyncBar.Tests\SyncBar.Tests.csproj", "{D85EC999-3016-4161-A84B-0F1F7F2D03A2}"
EndProject
Project("{FAE04EC0-301F-11D3-BF4B-00C04F79EFBC}") = "SyncBar.Specs", "SyncBar.Specs\SyncBar.Specs.csproj", "{FA0E2BCF-8D4B-4CDA-B4DE-2CD9B52E0BE5}"
EndProject
Project("{FAE04EC0-301F-11D3-BF4B-00C04F79EFBC}") = "SyncBar.ArchTests", "SyncBar.ArchTests\SyncBar.ArchTests.csproj", "{84336333-6C1D-4B6B-887F-05E9728D8AEB}"
EndProject
Global
	GlobalSection(SolutionConfigurationPlatforms) = preSolution
		Debug|Any CPU = Debug|Any CPU
		Release|Any CPU = Release|Any CPU
	EndGlobalSection
	GlobalSection(ProjectConfigurationPlatforms) = postSolution
		{F2C46EC0-EE38-4BBB-B4CC-55AB1C2C73A8}.Debug|Any CPU.ActiveCfg = Debug|Any CPU
		{F2C46EC0-EE38-4BBB-B4CC-55AB1C2C73A8}.Debug|Any CPU.Build.0 = Debug|Any CPU
		{F2C46EC0-EE38-4BBB-B4CC-55AB1C2C73A8}.Release|Any CPU.ActiveCfg = Release|Any CPU
		{F2C46EC0-EE38-4BBB-B4CC-55AB1C2C73A8}.Release|Any CPU.Build.0 = Release|Any CPU
		{AC33DB1E-780B-4961-8469-FFC88101184D}.Debug|Any CPU.ActiveCfg = Debug|Any CPU
		{AC33DB1E-780B-4961-8469-FFC88101184D}.Debug|Any CPU.Build.0 = Debug|Any CPU
		{AC33DB1E-780B-4961-8469-FFC88101184D}.Release|Any CPU.ActiveCfg = Release|Any CPU
		{AC33DB1E-780B-4961-8469-FFC88101184D}.Release|Any CPU.Build.0 = Release|Any CPU
		{440A65CE-B75E-44BE-92D6-DE3DC6CDB91B}.Debug|Any CPU.ActiveCfg = Debug|Any CPU
		{440A65CE-B75E-44BE-92D6-DE3DC6CDB91B}.Debug|Any CPU.Build.0 = Debug|Any CPU
		{440A65CE-B75E-44BE-92D6-DE3DC6CDB91B}.Release|Any CPU.ActiveCfg = Release|Any CPU
		{440A65CE-B75E-44BE-92D6-DE3DC6CDB91B}.Release|Any CPU.Build.0 = Release|Any CPU
		{49E247BF-91F9-46D8-9AF7-1E100561BC1B}.Debug|Any CPU.ActiveCfg = Debug|Any CPU
		{49E247BF-91F9-46D8-9AF7-1E100561BC1B}.Debug|Any CPU.Build.0 = Debug|Any CPU
		{49E247BF-91F9-46D8-9AF7-1E100561BC1B}.Release|Any CPU.ActiveCfg = Release|Any CPU
		{49E247BF-91F9-46D8-9AF7-1E100561BC1B}.Release|Any CPU.Build.0 = Release|Any CPU
		{D85EC999-3016-4161-A84B-0F1F7F2D03A2}.Debug|Any CPU.ActiveCfg = Debug|Any CPU
		{D85EC999-3016-4161-A84B-0F1F7F2D03A2}.Debug|Any CPU.Build.0 = Debug|Any CPU
		{D85EC999-3016-4161-A84B-0F1F7F2D03A2}.Release|Any CPU.ActiveCfg = Release|Any CPU
		{D85EC999-3016-4161-A84B-0F1F7F2D03A2}.Release|Any CPU.Build.0 = Release|Any CPU
		{FA0E2BCF-8D4B-4CDA-B4DE-2CD9B52E0BE5}.Debug|Any CPU.ActiveCfg = Debug|Any CPU
		{FA0E2BCF-8D4B-4CDA-B4DE-2CD9B52E0BE5}.Debug|Any CPU.Build.0 = Debug|Any CPU
		{FA0E2BCF-8D4B-4CDA-B4DE-2CD9B52E0BE5}.Release|Any CPU.ActiveCfg = Release|Any CPU
		{FA0E2BCF-8D4B-4CDA-B4DE-2CD9B52E0BE5}.Release|Any CPU.Build.0 = Release|Any CPU
		{84336333-6C1D-4B6B-887F-05E9728D8AEB}.Debug|Any CPU.ActiveCfg = Debug|Any CPU
		{84336333-6C1D-4B6B-887F-05E9728D8AEB}.Debug|Any CPU.Build.0 = Debug|Any CPU
		{84336333-6C1D-4B6B-887F-05E9728D8AEB}.Release|Any CPU.ActiveCfg = Release|Any CPU
		{84336333-6C1D-4B6B-887F-05E9728D8AEB}.Release|Any CPU.Build.0 = Release|Any CPU
	EndGlobalSection
EndGlobal
