Microsoft Visual Studio Solution File, Format Version 12.00
# Visual Studio Version 17
VisualStudioVersion = 17.14.37411.7 d17.14
MinimumVisualStudioVersion = 10.0.40219.1
Project("{2150E333-8FDC-42A3-9474-1A3956D46DE8}") = "src", "src", "{02EA681E-C7D8-13C7-8484-4AC65E1B71E8}"
EndProject
Project("{2150E333-8FDC-42A3-9474-1A3956D46DE8}") = "test", "test", "{86EE7067-01FE-4F3A-93BC-5AD9D2C1B675}"
EndProject
Project("{FAE04EC0-301F-11D3-BF4B-00C04F79EFBC}") = "SyncBar.API", "src\SyncBar.API\SyncBar.API.csproj", "{16E86002-B6E0-6001-1389-E3CDC2262145}"
EndProject
Project("{FAE04EC0-301F-11D3-BF4B-00C04F79EFBC}") = "SyncBar.Domain", "src\SyncBar.Domain\SyncBar.Domain.csproj", "{D7D4BE7F-858B-386A-9AE8-47871949DAA7}"
EndProject
Project("{FAE04EC0-301F-11D3-BF4B-00C04F79EFBC}") = "SyncBar.Application", "src\SyncBar.Application\SyncBar.Application.csproj", "{1CCD8686-6546-94C0-5B0E-26062B3C79B7}"
EndProject
Project("{FAE04EC0-301F-11D3-BF4B-00C04F79EFBC}") = "SyncBar.Infrastructure", "src\SyncBar.Infrastructure\SyncBar.Infrastructure.csproj", "{06D0CC7C-84AD-F48A-05D0-D19364F8EE51}"
EndProject
Project("{FAE04EC0-301F-11D3-BF4B-00C04F79EFBC}") = "SyncBar.ArchTests", "test\SyncBar.ArchTests\SyncBar.ArchTests.csproj", "{E38ED61F-2B0D-788C-9C2B-CCF1EF0B5B9A}"
EndProject
Project("{FAE04EC0-301F-11D3-BF4B-00C04F79EFBC}") = "SyncBar.Specs", "test\SyncBar.Specs\SyncBar.Specs.csproj", "{C74C0BCD-E057-12BE-41C1-0F41CCABFCD2}"
EndProject
Project("{FAE04EC0-301F-11D3-BF4B-00C04F79EFBC}") = "SyncBar.Tests", "test\SyncBar.Tests\SyncBar.Tests.csproj", "{6BD11FD6-76E2-5C92-26B3-0812896AB555}"
EndProject
Global
	GlobalSection(SolutionConfigurationPlatforms) = preSolution
		Debug|Any CPU = Debug|Any CPU
		Release|Any CPU = Release|Any CPU
	EndGlobalSection
	GlobalSection(ProjectConfigurationPlatforms) = postSolution
		{16E86002-B6E0-6001-1389-E3CDC2262145}.Debug|Any CPU.ActiveCfg = Debug|Any CPU
		{16E86002-B6E0-6001-1389-E3CDC2262145}.Debug|Any CPU.Build.0 = Debug|Any CPU
		{16E86002-B6E0-6001-1389-E3CDC2262145}.Release|Any CPU.ActiveCfg = Release|Any CPU
		{16E86002-B6E0-6001-1389-E3CDC2262145}.Release|Any CPU.Build.0 = Release|Any CPU
		{D7D4BE7F-858B-386A-9AE8-47871949DAA7}.Debug|Any CPU.ActiveCfg = Debug|Any CPU
		{D7D4BE7F-858B-386A-9AE8-47871949DAA7}.Debug|Any CPU.Build.0 = Debug|Any CPU
		{D7D4BE7F-858B-386A-9AE8-47871949DAA7}.Release|Any CPU.ActiveCfg = Release|Any CPU
		{D7D4BE7F-858B-386A-9AE8-47871949DAA7}.Release|Any CPU.Build.0 = Release|Any CPU
		{1CCD8686-6546-94C0-5B0E-26062B3C79B7}.Debug|Any CPU.ActiveCfg = Debug|Any CPU
		{1CCD8686-6546-94C0-5B0E-26062B3C79B7}.Debug|Any CPU.Build.0 = Debug|Any CPU
		{1CCD8686-6546-94C0-5B0E-26062B3C79B7}.Release|Any CPU.ActiveCfg = Release|Any CPU
		{1CCD8686-6546-94C0-5B0E-26062B3C79B7}.Release|Any CPU.Build.0 = Release|Any CPU
		{06D0CC7C-84AD-F48A-05D0-D19364F8EE51}.Debug|Any CPU.ActiveCfg = Debug|Any CPU
		{06D0CC7C-84AD-F48A-05D0-D19364F8EE51}.Debug|Any CPU.Build.0 = Debug|Any CPU
		{06D0CC7C-84AD-F48A-05D0-D19364F8EE51}.Release|Any CPU.ActiveCfg = Release|Any CPU
		{06D0CC7C-84AD-F48A-05D0-D19364F8EE51}.Release|Any CPU.Build.0 = Release|Any CPU
		{E38ED61F-2B0D-788C-9C2B-CCF1EF0B5B9A}.Debug|Any CPU.ActiveCfg = Debug|Any CPU
		{E38ED61F-2B0D-788C-9C2B-CCF1EF0B5B9A}.Debug|Any CPU.Build.0 = Debug|Any CPU
		{E38ED61F-2B0D-788C-9C2B-CCF1EF0B5B9A}.Release|Any CPU.ActiveCfg = Release|Any CPU
		{E38ED61F-2B0D-788C-9C2B-CCF1EF0B5B9A}.Release|Any CPU.Build.0 = Release|Any CPU
		{C74C0BCD-E057-12BE-41C1-0F41CCABFCD2}.Debug|Any CPU.ActiveCfg = Debug|Any CPU
		{C74C0BCD-E057-12BE-41C1-0F41CCABFCD2}.Debug|Any CPU.Build.0 = Debug|Any CPU
		{C74C0BCD-E057-12BE-41C1-0F41CCABFCD2}.Release|Any CPU.ActiveCfg = Release|Any CPU
		{C74C0BCD-E057-12BE-41C1-0F41CCABFCD2}.Release|Any CPU.Build.0 = Release|Any CPU
		{6BD11FD6-76E2-5C92-26B3-0812896AB555}.Debug|Any CPU.ActiveCfg = Debug|Any CPU
		{6BD11FD6-76E2-5C92-26B3-0812896AB555}.Debug|Any CPU.Build.0 = Debug|Any CPU
		{6BD11FD6-76E2-5C92-26B3-0812896AB555}.Release|Any CPU.ActiveCfg = Release|Any CPU
		{6BD11FD6-76E2-5C92-26B3-0812896AB555}.Release|Any CPU.Build.0 = Release|Any CPU
	EndGlobalSection
	GlobalSection(SolutionProperties) = preSolution
		HideSolutionNode = FALSE
	EndGlobalSection
	GlobalSection(NestedProjects) = preSolution
		{16E86002-B6E0-6001-1389-E3CDC2262145} = {02EA681E-C7D8-13C7-8484-4AC65E1B71E8}
		{D7D4BE7F-858B-386A-9AE8-47871949DAA7} = {02EA681E-C7D8-13C7-8484-4AC65E1B71E8}
		{1CCD8686-6546-94C0-5B0E-26062B3C79B7} = {02EA681E-C7D8-13C7-8484-4AC65E1B71E8}
		{06D0CC7C-84AD-F48A-05D0-D19364F8EE51} = {02EA681E-C7D8-13C7-8484-4AC65E1B71E8}
		{E38ED61F-2B0D-788C-9C2B-CCF1EF0B5B9A} = {86EE7067-01FE-4F3A-93BC-5AD9D2C1B675}
		{C74C0BCD-E057-12BE-41C1-0F41CCABFCD2} = {86EE7067-01FE-4F3A-93BC-5AD9D2C1B675}
		{6BD11FD6-76E2-5C92-26B3-0812896AB555} = {86EE7067-01FE-4F3A-93BC-5AD9D2C1B675}
	EndGlobalSection
	GlobalSection(ExtensibilityGlobals) = postSolution
		SolutionGuid = {6CD86B72-7FFB-454A-B4FF-CB37ED8ADD86}
	EndGlobalSection
EndGlobal
